
Microsoft Visual Studio Solution File, Format Version 12.00
# Visual Studio Version 16
VisualStudioVersion = 16.0.31205.134
MinimumVisualStudioVersion = 10.0.40219.1
Project("{FAE04EC0-301F-11D3-BF4B-00C04F79EFBC}") = "Smart.Objects", "Smart.Data\Smart.Objects.csproj", "{4B5B0207-C083-4B46-9A86-4CADA7A7DB23}"
EndProject
Project("{FAE04EC0-301F-11D3-BF4B-00C04F79EFBC}") = "Smart.API", "Smart.API\Smart.API.csproj", "{6894A489-AAEF-4FDE-A929-BC380E8389E2}"
EndProject
Project("{FAE04EC0-301F-11D3-BF4B-00C04F79EFBC}") = "Smart.UnitTest", "Smart.UnitTest\Smart.UnitTest.csproj", "{B195A845-4724-4BA3-ABFE-32BE1F711B40}"
EndProject
Project("{FAE04EC0-301F-11D3-BF4B-00C04F79EFBC}") = "Smart.IntegrationTest", "Smart.IntegrationTest\Smart.IntegrationTest.csproj", "{D3528BA1-56C2-4B6B-A7DE-6161674CDFA5}"
EndProject
Project("{FAE04EC0-301F-11D3-BF4B-00C04F79EFBC}") = "Smart.Web", "Smart.Views\Smart.Web.csproj", "{6EEB85C3-03D9-4CC5-941D-6BBE758E3689}"
EndProject
Project("{FAE04EC0-301F-11D3-BF4B-00C04F79EFBC}") = "Smart.Business", "Smart.Business\Smart.Business.csproj", "{BDAC1CFD-7BAB-4BDA-8C7E-029FA9386BAC}"
EndProject
Project("{FAE04EC0-301F-11D3-BF4B-00C04F79EFBC}") = "Smart.Seeds", "Smart.Seed\Smart.Seeds.csproj", "{1C67ED7D-66F3-473D-B18C-AA113CEFE71A}"
EndProject
Global
	GlobalSection(SolutionConfigurationPlatforms) = preSolution
		Debug|Any CPU = Debug|Any CPU
		Release|Any CPU = Release|Any CPU
	EndGlobalSection
	GlobalSection(ProjectConfigurationPlatforms) = postSolution
		{4B5B0207-C083-4B46-9A86-4CADA7A7DB23}.Debug|Any CPU.ActiveCfg = Debug|Any CPU
		{4B5B0207-C083-4B46-9A86-4CADA7A7DB23}.Debug|Any CPU.Build.0 = Debug|Any CPU
		{4B5B0207-C083-4B46-9A86-4CADA7A7DB23}.Release|Any CPU.ActiveCfg = Release|Any CPU
		{4B5B0207-C083-4B46-9A86-4CADA7A7DB23}.Release|Any CPU.Build.0 = Release|Any CPU
		{6894A489-AAEF-4FDE-A929-BC380E8389E2}.Debug|Any CPU.ActiveCfg = Debug|Any CPU
		{6894A489-AAEF-4FDE-A929-BC380E8389E2}.Debug|Any CPU.Build.0 = Debug|Any CPU
		{6894A489-AAEF-4FDE-A929-BC380E8389E2}.Release|Any CPU.ActiveCfg = Release|Any CPU
		{6894A489-AAEF-4FDE-A929-BC380E8389E2}.Release|Any CPU.Build.0 = Release|Any CPU
		{B195A845-4724-4BA3-ABFE-32BE1F711B40}.Debug|Any CPU.ActiveCfg = Debug|Any CPU
		{B195A845-4724-4BA3-ABFE-32BE1F711B40}.Debug|Any CPU.Build.0 = Debug|Any CPU
		{B195A845-4724-4BA3-ABFE-32BE1F711B40}.Release|Any CPU.ActiveCfg = Release|Any CPU
		{B195A845-4724-4BA3-ABFE-32BE1F711B40}.Release|Any CPU.Build.0 = Release|Any CPU
		{D3528BA1-56C2-4B6B-A7DE-6161674CDFA5}.Debug|Any CPU.ActiveCfg = Debug|Any CPU
		{D3528BA1-56C2-4B6B-A7DE-6161674CDFA5}.Debug|Any CPU.Build.0 = Debug|Any CPU
		{D3528BA1-56C2-4B6B-A7DE-6161674CDFA5}.Release|Any CPU.ActiveCfg = Release|Any CPU
		{D3528BA1-56C2-4B6B-A7DE-6161674CDFA5}.Release|Any CPU.Build.0 = Release|Any CPU
		{6EEB85C3-03D9-4CC5-941D-6BBE758E3689}.Debug|Any CPU.ActiveCfg = Debug|Any CPU
		{6EEB85C3-03D9-4CC5-941D-6BBE758E3689}.Debug|Any CPU.Build.0 = Debug|Any CPU
		{6EEB85C3-03D9-4CC5-941D-6BBE758E3689}.Release|Any CPU.ActiveCfg = Release|Any CPU
		{6EEB85C3-03D9-4CC5-941D-6BBE758E3689}.Release|Any CPU.Build.0 = Release|Any CPU
		{BDAC1CFD-7BAB-4BDA-8C7E-029FA9386BAC}.Debug|Any CPU.ActiveCfg = Debug|Any CPU
		{BDAC1CFD-7BAB-4BDA-8C7E-029FA9386BAC}.Debug|Any CPU.Build.0 = Debug|Any CPU
		{BDAC1CFD-7BAB-4BDA-8C7E-029FA9386BAC}.Release|Any CPU.ActiveCfg = Release|Any CPU
		{BDAC1CFD-7BAB-4BDA-8C7E-029FA9386BAC}.Release|Any CPU.Build.0 = Release|Any CPU
		{1C67ED7D-66F3-473D-B18C-AA113CEFE71A}.Debug|Any CPU.ActiveCfg = Debug|Any CPU
		{1C67ED7D-66F3-473D-B18C-AA113CEFE71A}.Debug|Any CPU.Build.0 = Debug|Any CPU
		{1C67ED7D-66F3-473D-B18C-AA113CEFE71A}.Release|Any CPU.ActiveCfg = Release|Any CPU
		{1C67ED7D-66F3-473D-B18C-AA113CEFE71A}.Release|Any CPU.Build.0 = Release|Any CPU
	EndGlobalSection
	GlobalSection(SolutionProperties) = preSolution
		HideSolutionNode = FALSE
	EndGlobalSection
	GlobalSection(ExtensibilityGlobals) = postSolution
		SolutionGuid = {020EB50A-6015-4B92-87AD-A10FDC8CBDA7}
	EndGlobalSection
EndGlobal
